
Microsoft Visual Studio Solution File, Format Version 12.00
# Visual Studio 15
VisualStudioVersion = 15.0.27710.0
MinimumVisualStudioVersion = 10.0.40219.1
Project("{FAE04EC0-301F-11D3-BF4B-00C04F79EFBC}") = "SendD2CMessage", "SendD2CMessage\SendD2CMessage.csproj", "{2E5330CD-0A02-4BA4-A8B3-49858E1A9110}"
EndProject
Global
	GlobalSection(SolutionConfigurationPlatforms) = preSolution
		Debug|Any CPU = Debug|Any CPU
		Release|Any CPU = Release|Any CPU
	EndGlobalSection
	GlobalSection(ProjectConfigurationPlatforms) = postSolution
		{2E5330CD-0A02-4BA4-A8B3-49858E1A9110}.Debug|Any CPU.ActiveCfg = Debug|Any CPU
		{2E5330CD-0A02-4BA4-A8B3-49858E1A9110}.Debug|Any CPU.Build.0 = Debug|Any CPU
		{2E5330CD-0A02-4BA4-A8B3-49858E1A9110}.Release|Any CPU.ActiveCfg = Release|Any CPU
		{2E5330CD-0A02-4BA4-A8B3-49858E1A9110}.Release|Any CPU.Build.0 = Release|Any CPU
	EndGlobalSection
	GlobalSection(SolutionProperties) = preSolution
		HideSolutionNode = FALSE
	EndGlobalSection
	GlobalSection(ExtensibilityGlobals) = postSolution
		SolutionGuid = {7BBDC5DC-D123-4E6D-A285-A115288C4205}
	EndGlobalSection
EndGlobal
